
Microsoft Visual Studio Solution File, Format Version 12.00
# Visual Studio Version 16
VisualStudioVersion = 16.0.29709.97
MinimumVisualStudioVersion = 10.0.40219.1
Project("{FAE04EC0-301F-11D3-BF4B-00C04F79EFBC}") = "SimpleDataBindingDemo", "..\Downloads\SimpleDataBindingDemo (1)\SimpleDataBindingDemo\SimpleDataBindingDemo.csproj", "{FCE661A7-9A33-4D74-874E-C31D1CFD7576}"
EndProject
Global
	GlobalSection(SolutionConfigurationPlatforms) = preSolution
		Debug|Any CPU = Debug|Any CPU
		Release|Any CPU = Release|Any CPU
	EndGlobalSection
	GlobalSection(ProjectConfigurationPlatforms) = postSolution
		{FCE661A7-9A33-4D74-874E-C31D1CFD7576}.Debug|Any CPU.ActiveCfg = Debug|Any CPU
		{FCE661A7-9A33-4D74-874E-C31D1CFD7576}.Debug|Any CPU.Build.0 = Debug|Any CPU
		{FCE661A7-9A33-4D74-874E-C31D1CFD7576}.Release|Any CPU.ActiveCfg = Release|Any CPU
		{FCE661A7-9A33-4D74-874E-C31D1CFD7576}.Release|Any CPU.Build.0 = Release|Any CPU
	EndGlobalSection
	GlobalSection(SolutionProperties) = preSolution
		HideSolutionNode = FALSE
	EndGlobalSection
	GlobalSection(ExtensibilityGlobals) = postSolution
		SolutionGuid = {7D31C20A-961B-48AA-8487-919BD9E3FE57}
	EndGlobalSection
EndGlobal
