
Microsoft Visual Studio Solution File, Format Version 12.00
# Visual Studio Version 16
VisualStudioVersion = 16.0.29709.97
MinimumVisualStudioVersion = 10.0.40219.1
Project("{FAE04EC0-301F-11D3-BF4B-00C04F79EFBC}") = "SimpleViewCalulator", "..\Downloads\Project 2 - SimpleViewCalulator(2)\SimpleViewCalulator\SimpleViewCalulator.csproj", "{C9FA3D27-D2DA-4088-922A-9E26D50FCA94}"
EndProject
Global
	GlobalSection(SolutionConfigurationPlatforms) = preSolution
		Debug|Any CPU = Debug|Any CPU
		Release|Any CPU = Release|Any CPU
	EndGlobalSection
	GlobalSection(ProjectConfigurationPlatforms) = postSolution
		{C9FA3D27-D2DA-4088-922A-9E26D50FCA94}.Debug|Any CPU.ActiveCfg = Debug|Any CPU
		{C9FA3D27-D2DA-4088-922A-9E26D50FCA94}.Debug|Any CPU.Build.0 = Debug|Any CPU
		{C9FA3D27-D2DA-4088-922A-9E26D50FCA94}.Release|Any CPU.ActiveCfg = Release|Any CPU
		{C9FA3D27-D2DA-4088-922A-9E26D50FCA94}.Release|Any CPU.Build.0 = Release|Any CPU
	EndGlobalSection
	GlobalSection(SolutionProperties) = preSolution
		HideSolutionNode = FALSE
	EndGlobalSection
	GlobalSection(ExtensibilityGlobals) = postSolution
		SolutionGuid = {73351F59-3950-46B1-BE73-6007E757ADAA}
	EndGlobalSection
EndGlobal
